
Microsoft Visual Studio Solution File, Format Version 12.00
# Visual Studio Version 16
VisualStudioVersion = 16.0.31729.503
MinimumVisualStudioVersion = 10.0.40219.1
Project("{FAE04EC0-301F-11D3-BF4B-00C04F79EFBC}") = "CompXamarin.Android", "CompXamarin.Android\CompXamarin.Android.csproj", "{D05CAC49-DF51-48C9-93D3-9F9B6BCF3EC9}"
EndProject
Project("{FAE04EC0-301F-11D3-BF4B-00C04F79EFBC}") = "CompXamarin.iOS", "CompXamarin.iOS\CompXamarin.iOS.csproj", "{8F2F3468-4F9A-45C4-AF4F-FD889A1E429D}"
EndProject
Project("{FAE04EC0-301F-11D3-BF4B-00C04F79EFBC}") = "CompXamarin", "CompXamarin\CompXamarin.csproj", "{2537BFCF-F9E2-47EA-8DE1-E976699777D9}"
EndProject
Global
	GlobalSection(SolutionConfigurationPlatforms) = preSolution
		Debug|Any CPU = Debug|Any CPU
		Debug|iPhone = Debug|iPhone
		Debug|iPhoneSimulator = Debug|iPhoneSimulator
		Release|Any CPU = Release|Any CPU
		Release|iPhone = Release|iPhone
		Release|iPhoneSimulator = Release|iPhoneSimulator
	EndGlobalSection
	GlobalSection(ProjectConfigurationPlatforms) = postSolution
		{D05CAC49-DF51-48C9-93D3-9F9B6BCF3EC9}.Debug|Any CPU.ActiveCfg = Debug|Any CPU
		{D05CAC49-DF51-48C9-93D3-9F9B6BCF3EC9}.Debug|Any CPU.Build.0 = Debug|Any CPU
		{D05CAC49-DF51-48C9-93D3-9F9B6BCF3EC9}.Debug|Any CPU.Deploy.0 = Debug|Any CPU
		{D05CAC49-DF51-48C9-93D3-9F9B6BCF3EC9}.Debug|iPhone.ActiveCfg = Debug|Any CPU
		{D05CAC49-DF51-48C9-93D3-9F9B6BCF3EC9}.Debug|iPhone.Build.0 = Debug|Any CPU
		{D05CAC49-DF51-48C9-93D3-9F9B6BCF3EC9}.Debug|iPhone.Deploy.0 = Debug|Any CPU
		{D05CAC49-DF51-48C9-93D3-9F9B6BCF3EC9}.Debug|iPhoneSimulator.ActiveCfg = Debug|Any CPU
		{D05CAC49-DF51-48C9-93D3-9F9B6BCF3EC9}.Debug|iPhoneSimulator.Build.0 = Debug|Any CPU
		{D05CAC49-DF51-48C9-93D3-9F9B6BCF3EC9}.Debug|iPhoneSimulator.Deploy.0 = Debug|Any CPU
		{D05CAC49-DF51-48C9-93D3-9F9B6BCF3EC9}.Release|Any CPU.ActiveCfg = Release|Any CPU
		{D05CAC49-DF51-48C9-93D3-9F9B6BCF3EC9}.Release|Any CPU.Build.0 = Release|Any CPU
		{D05CAC49-DF51-48C9-93D3-9F9B6BCF3EC9}.Release|Any CPU.Deploy.0 = Release|Any CPU
		{D05CAC49-DF51-48C9-93D3-9F9B6BCF3EC9}.Release|iPhone.ActiveCfg = Release|Any CPU
		{D05CAC49-DF51-48C9-93D3-9F9B6BCF3EC9}.Release|iPhone.Build.0 = Release|Any CPU
		{D05CAC49-DF51-48C9-93D3-9F9B6BCF3EC9}.Release|iPhone.Deploy.0 = Release|Any CPU
		{D05CAC49-DF51-48C9-93D3-9F9B6BCF3EC9}.Release|iPhoneSimulator.ActiveCfg = Release|Any CPU
		{D05CAC49-DF51-48C9-93D3-9F9B6BCF3EC9}.Release|iPhoneSimulator.Build.0 = Release|Any CPU
		{D05CAC49-DF51-48C9-93D3-9F9B6BCF3EC9}.Release|iPhoneSimulator.Deploy.0 = Release|Any CPU
		{8F2F3468-4F9A-45C4-AF4F-FD889A1E429D}.Debug|Any CPU.ActiveCfg = Debug|iPhone
		{8F2F3468-4F9A-45C4-AF4F-FD889A1E429D}.Debug|Any CPU.Build.0 = Debug|iPhone
		{8F2F3468-4F9A-45C4-AF4F-FD889A1E429D}.Debug|Any CPU.Deploy.0 = Debug|iPhone
		{8F2F3468-4F9A-45C4-AF4F-FD889A1E429D}.Debug|iPhone.ActiveCfg = Debug|iPhone
		{8F2F3468-4F9A-45C4-AF4F-FD889A1E429D}.Debug|iPhone.Build.0 = Debug|iPhone
		{8F2F3468-4F9A-45C4-AF4F-FD889A1E429D}.Debug|iPhone.Deploy.0 = Debug|iPhone
		{8F2F3468-4F9A-45C4-AF4F-FD889A1E429D}.Debug|iPhoneSimulator.ActiveCfg = Debug|iPhoneSimulator
		{8F2F3468-4F9A-45C4-AF4F-FD889A1E429D}.Debug|iPhoneSimulator.Build.0 = Debug|iPhoneSimulator
		{8F2F3468-4F9A-45C4-AF4F-FD889A1E429D}.Debug|iPhoneSimulator.Deploy.0 = Debug|iPhoneSimulator
		{8F2F3468-4F9A-45C4-AF4F-FD889A1E429D}.Release|Any CPU.ActiveCfg = Release|iPhoneSimulator
		{8F2F3468-4F9A-45C4-AF4F-FD889A1E429D}.Release|Any CPU.Build.0 = Release|iPhoneSimulator
		{8F2F3468-4F9A-45C4-AF4F-FD889A1E429D}.Release|Any CPU.Deploy.0 = Release|iPhoneSimulator
		{8F2F3468-4F9A-45C4-AF4F-FD889A1E429D}.Release|iPhone.ActiveCfg = Release|iPhone
		{8F2F3468-4F9A-45C4-AF4F-FD889A1E429D}.Release|iPhone.Build.0 = Release|iPhone
		{8F2F3468-4F9A-45C4-AF4F-FD889A1E429D}.Release|iPhone.Deploy.0 = Release|iPhone
		{8F2F3468-4F9A-45C4-AF4F-FD889A1E429D}.Release|iPhoneSimulator.ActiveCfg = Release|iPhoneSimulator
		{8F2F3468-4F9A-45C4-AF4F-FD889A1E429D}.Release|iPhoneSimulator.Build.0 = Release|iPhoneSimulator
		{8F2F3468-4F9A-45C4-AF4F-FD889A1E429D}.Release|iPhoneSimulator.Deploy.0 = Release|iPhoneSimulator
		{2537BFCF-F9E2-47EA-8DE1-E976699777D9}.Debug|Any CPU.ActiveCfg = Debug|Any CPU
		{2537BFCF-F9E2-47EA-8DE1-E976699777D9}.Debug|Any CPU.Build.0 = Debug|Any CPU
		{2537BFCF-F9E2-47EA-8DE1-E976699777D9}.Debug|Any CPU.Deploy.0 = Debug|Any CPU
		{2537BFCF-F9E2-47EA-8DE1-E976699777D9}.Debug|iPhone.ActiveCfg = Debug|Any CPU
		{2537BFCF-F9E2-47EA-8DE1-E976699777D9}.Debug|iPhone.Build.0 = Debug|Any CPU
		{2537BFCF-F9E2-47EA-8DE1-E976699777D9}.Debug|iPhone.Deploy.0 = Debug|Any CPU
		{2537BFCF-F9E2-47EA-8DE1-E976699777D9}.Debug|iPhoneSimulator.ActiveCfg = Debug|Any CPU
		{2537BFCF-F9E2-47EA-8DE1-E976699777D9}.Debug|iPhoneSimulator.Build.0 = Debug|Any CPU
		{2537BFCF-F9E2-47EA-8DE1-E976699777D9}.Debug|iPhoneSimulator.Deploy.0 = Debug|Any CPU
		{2537BFCF-F9E2-47EA-8DE1-E976699777D9}.Release|Any CPU.ActiveCfg = Release|Any CPU
		{2537BFCF-F9E2-47EA-8DE1-E976699777D9}.Release|Any CPU.Build.0 = Release|Any CPU
		{2537BFCF-F9E2-47EA-8DE1-E976699777D9}.Release|Any CPU.Deploy.0 = Release|Any CPU
		{2537BFCF-F9E2-47EA-8DE1-E976699777D9}.Release|iPhone.ActiveCfg = Release|Any CPU
		{2537BFCF-F9E2-47EA-8DE1-E976699777D9}.Release|iPhone.Build.0 = Release|Any CPU
		{2537BFCF-F9E2-47EA-8DE1-E976699777D9}.Release|iPhone.Deploy.0 = Release|Any CPU
		{2537BFCF-F9E2-47EA-8DE1-E976699777D9}.Release|iPhoneSimulator.ActiveCfg = Release|Any CPU
		{2537BFCF-F9E2-47EA-8DE1-E976699777D9}.Release|iPhoneSimulator.Build.0 = Release|Any CPU
		{2537BFCF-F9E2-47EA-8DE1-E976699777D9}.Release|iPhoneSimulator.Deploy.0 = Release|Any CPU
	EndGlobalSection
	GlobalSection(SolutionProperties) = preSolution
		HideSolutionNode = FALSE
	EndGlobalSection
	GlobalSection(ExtensibilityGlobals) = postSolution
		SolutionGuid = {A864A82B-AD82-4FFF-B628-2EEC547690BE}
	EndGlobalSection
EndGlobal
